
Microsoft Visual Studio Solution File, Format Version 12.00
# Visual Studio Version 17
VisualStudioVersion = 17.3.32825.248
MinimumVisualStudioVersion = 10.0.40219.1
Project("{FAE04EC0-301F-11D3-BF4B-00C04F79EFBC}") = "Goals", "Goals\Goals.csproj", "{23BAAC4E-25CA-4310-9A01-DEC63A0D9C8E}"
EndProject
Global
	GlobalSection(SolutionConfigurationPlatforms) = preSolution
		Debug|Any CPU = Debug|Any CPU
		Release|Any CPU = Release|Any CPU
	EndGlobalSection
	GlobalSection(ProjectConfigurationPlatforms) = postSolution
		{23BAAC4E-25CA-4310-9A01-DEC63A0D9C8E}.Debug|Any CPU.ActiveCfg = Debug|Any CPU
		{23BAAC4E-25CA-4310-9A01-DEC63A0D9C8E}.Debug|Any CPU.Build.0 = Debug|Any CPU
		{23BAAC4E-25CA-4310-9A01-DEC63A0D9C8E}.Release|Any CPU.ActiveCfg = Release|Any CPU
		{23BAAC4E-25CA-4310-9A01-DEC63A0D9C8E}.Release|Any CPU.Build.0 = Release|Any CPU
	EndGlobalSection
	GlobalSection(SolutionProperties) = preSolution
		HideSolutionNode = FALSE
	EndGlobalSection
	GlobalSection(ExtensibilityGlobals) = postSolution
		SolutionGuid = {A39869E2-376A-4536-BFEF-D83550736AEB}
	EndGlobalSection
EndGlobal
