
Microsoft Visual Studio Solution File, Format Version 12.00
# Visual Studio Version 17
VisualStudioVersion = 17.3.32825.248
MinimumVisualStudioVersion = 10.0.40219.1
Project("{FAE04EC0-301F-11D3-BF4B-00C04F79EFBC}") = "Banking.UnitTests", "Banking.UnitTests\Banking.UnitTests.csproj", "{1C680ADD-9BF0-4EF3-8847-D78F6F545448}"
EndProject
Project("{2150E333-8FDC-42A3-9474-1A3956D46DE8}") = "Solution Items", "Solution Items", "{C5BC9C66-4409-4F2E-81A1-FE18F977D91A}"
	ProjectSection(SolutionItems) = preProject
		..\CSharpSyntaxStuff\CSharpSyntaxStuff\.editorconfig = ..\CSharpSyntaxStuff\CSharpSyntaxStuff\.editorconfig
	EndProjectSection
EndProject
Project("{FAE04EC0-301F-11D3-BF4B-00C04F79EFBC}") = "Banking.Domain", "Banking.Domain\Banking.Domain.csproj", "{D3827D93-6375-4D28-9E85-4BFAAEFC6BAC}"
EndProject
Global
	GlobalSection(SolutionConfigurationPlatforms) = preSolution
		Debug|Any CPU = Debug|Any CPU
		Release|Any CPU = Release|Any CPU
	EndGlobalSection
	GlobalSection(ProjectConfigurationPlatforms) = postSolution
		{1C680ADD-9BF0-4EF3-8847-D78F6F545448}.Debug|Any CPU.ActiveCfg = Debug|Any CPU
		{1C680ADD-9BF0-4EF3-8847-D78F6F545448}.Debug|Any CPU.Build.0 = Debug|Any CPU
		{1C680ADD-9BF0-4EF3-8847-D78F6F545448}.Release|Any CPU.ActiveCfg = Release|Any CPU
		{1C680ADD-9BF0-4EF3-8847-D78F6F545448}.Release|Any CPU.Build.0 = Release|Any CPU
		{D3827D93-6375-4D28-9E85-4BFAAEFC6BAC}.Debug|Any CPU.ActiveCfg = Debug|Any CPU
		{D3827D93-6375-4D28-9E85-4BFAAEFC6BAC}.Debug|Any CPU.Build.0 = Debug|Any CPU
		{D3827D93-6375-4D28-9E85-4BFAAEFC6BAC}.Release|Any CPU.ActiveCfg = Release|Any CPU
		{D3827D93-6375-4D28-9E85-4BFAAEFC6BAC}.Release|Any CPU.Build.0 = Release|Any CPU
	EndGlobalSection
	GlobalSection(SolutionProperties) = preSolution
		HideSolutionNode = FALSE
	EndGlobalSection
	GlobalSection(ExtensibilityGlobals) = postSolution
		SolutionGuid = {52B110E1-CAB5-446B-88DE-BC895F05D756}
	EndGlobalSection
EndGlobal
